
Microsoft Visual Studio Solution File, Format Version 12.00
# Visual Studio Version 17
VisualStudioVersion = 17.0.32112.339
MinimumVisualStudioVersion = 10.0.40219.1
Project("{9A19103F-16F7-4668-BE54-9A1E7A4F7556}") = "SeleniumTest", "SeleniumTest\SeleniumTest.csproj", "{1FB39624-A435-4916-959E-6EC3E6CD7F6C}"
EndProject
Project("{9A19103F-16F7-4668-BE54-9A1E7A4F7556}") = "Selenium.Friendly.Blazor", "..\Selenium.Friendly.Blazor\Selenium.Friendly.Blazor.csproj", "{C8F13DE1-D407-4902-AE91-94BA91206916}"
EndProject
Global
	GlobalSection(SolutionConfigurationPlatforms) = preSolution
		Debug|Any CPU = Debug|Any CPU
		Release|Any CPU = Release|Any CPU
	EndGlobalSection
	GlobalSection(ProjectConfigurationPlatforms) = postSolution
		{1FB39624-A435-4916-959E-6EC3E6CD7F6C}.Debug|Any CPU.ActiveCfg = Debug|Any CPU
		{1FB39624-A435-4916-959E-6EC3E6CD7F6C}.Debug|Any CPU.Build.0 = Debug|Any CPU
		{1FB39624-A435-4916-959E-6EC3E6CD7F6C}.Release|Any CPU.ActiveCfg = Release|Any CPU
		{1FB39624-A435-4916-959E-6EC3E6CD7F6C}.Release|Any CPU.Build.0 = Release|Any CPU
		{C8F13DE1-D407-4902-AE91-94BA91206916}.Debug|Any CPU.ActiveCfg = Debug|Any CPU
		{C8F13DE1-D407-4902-AE91-94BA91206916}.Debug|Any CPU.Build.0 = Debug|Any CPU
		{C8F13DE1-D407-4902-AE91-94BA91206916}.Release|Any CPU.ActiveCfg = Release|Any CPU
		{C8F13DE1-D407-4902-AE91-94BA91206916}.Release|Any CPU.Build.0 = Release|Any CPU
	EndGlobalSection
	GlobalSection(SolutionProperties) = preSolution
		HideSolutionNode = FALSE
	EndGlobalSection
	GlobalSection(ExtensibilityGlobals) = postSolution
		SolutionGuid = {1065CDED-3891-4570-BBC4-2BA6825DBD26}
	EndGlobalSection
EndGlobal
