
Microsoft Visual Studio Solution File, Format Version 12.00
# Visual Studio Version 17
VisualStudioVersion = 17.0.32112.339
MinimumVisualStudioVersion = 10.0.40219.1
Project("{9A19103F-16F7-4668-BE54-9A1E7A4F7556}") = "SeleniumTest", "SeleniumTest\SeleniumTest.csproj", "{1FB39624-A435-4916-959E-6EC3E6CD7F6C}"
EndProject
Project("{FAE04EC0-301F-11D3-BF4B-00C04F79EFBC}") = "Selenium.Friendly.Blazor", "..\Selenium.Friendly.Blazor\Selenium.Friendly.Blazor.csproj", "{F1C2FD6B-B861-493D-8396-5D13A28C56AF}"
EndProject
Project("{9A19103F-16F7-4668-BE54-9A1E7A4F7556}") = "Friendly.Blazor.Provider", "..\Friendly.Blazor.Provider\Friendly.Blazor.Provider.csproj", "{5E4A6807-17F4-4529-BE7E-B3AA6D8B2404}"
EndProject
Global
	GlobalSection(SolutionConfigurationPlatforms) = preSolution
		Debug|Any CPU = Debug|Any CPU
		Release|Any CPU = Release|Any CPU
	EndGlobalSection
	GlobalSection(ProjectConfigurationPlatforms) = postSolution
		{1FB39624-A435-4916-959E-6EC3E6CD7F6C}.Debug|Any CPU.ActiveCfg = Debug|Any CPU
		{1FB39624-A435-4916-959E-6EC3E6CD7F6C}.Debug|Any CPU.Build.0 = Debug|Any CPU
		{1FB39624-A435-4916-959E-6EC3E6CD7F6C}.Release|Any CPU.ActiveCfg = Release|Any CPU
		{1FB39624-A435-4916-959E-6EC3E6CD7F6C}.Release|Any CPU.Build.0 = Release|Any CPU
		{F1C2FD6B-B861-493D-8396-5D13A28C56AF}.Debug|Any CPU.ActiveCfg = Debug|Any CPU
		{F1C2FD6B-B861-493D-8396-5D13A28C56AF}.Debug|Any CPU.Build.0 = Debug|Any CPU
		{F1C2FD6B-B861-493D-8396-5D13A28C56AF}.Release|Any CPU.ActiveCfg = Release|Any CPU
		{F1C2FD6B-B861-493D-8396-5D13A28C56AF}.Release|Any CPU.Build.0 = Release|Any CPU
		{5E4A6807-17F4-4529-BE7E-B3AA6D8B2404}.Debug|Any CPU.ActiveCfg = Debug|Any CPU
		{5E4A6807-17F4-4529-BE7E-B3AA6D8B2404}.Debug|Any CPU.Build.0 = Debug|Any CPU
		{5E4A6807-17F4-4529-BE7E-B3AA6D8B2404}.Release|Any CPU.ActiveCfg = Release|Any CPU
		{5E4A6807-17F4-4529-BE7E-B3AA6D8B2404}.Release|Any CPU.Build.0 = Release|Any CPU
	EndGlobalSection
	GlobalSection(SolutionProperties) = preSolution
		HideSolutionNode = FALSE
	EndGlobalSection
	GlobalSection(ExtensibilityGlobals) = postSolution
		SolutionGuid = {1065CDED-3891-4570-BBC4-2BA6825DBD26}
	EndGlobalSection
EndGlobal
